
Microsoft Visual Studio Solution File, Format Version 12.00
# Visual Studio Version 16
VisualStudioVersion = 16.0.31005.135
MinimumVisualStudioVersion = 10.0.40219.1
Project("{FAE04EC0-301F-11D3-BF4B-00C04F79EFBC}") = "EmpleadosMVC", "EmpleadosMVC\EmpleadosMVC.csproj", "{E69993F8-5827-4E54-BF87-19EDEA326D2B}"
EndProject
Global
	GlobalSection(SolutionConfigurationPlatforms) = preSolution
		Debug|Any CPU = Debug|Any CPU
		Release|Any CPU = Release|Any CPU
	EndGlobalSection
	GlobalSection(ProjectConfigurationPlatforms) = postSolution
		{E69993F8-5827-4E54-BF87-19EDEA326D2B}.Debug|Any CPU.ActiveCfg = Debug|Any CPU
		{E69993F8-5827-4E54-BF87-19EDEA326D2B}.Debug|Any CPU.Build.0 = Debug|Any CPU
		{E69993F8-5827-4E54-BF87-19EDEA326D2B}.Release|Any CPU.ActiveCfg = Release|Any CPU
		{E69993F8-5827-4E54-BF87-19EDEA326D2B}.Release|Any CPU.Build.0 = Release|Any CPU
	EndGlobalSection
	GlobalSection(SolutionProperties) = preSolution
		HideSolutionNode = FALSE
	EndGlobalSection
	GlobalSection(ExtensibilityGlobals) = postSolution
		SolutionGuid = {A9E423B2-E861-42AF-9573-EDAC5E1A76EA}
	EndGlobalSection
EndGlobal
